memo = "20ca3730e23275936a4be0f50939150ce2a9bc0f11457f89bc50731d74571f6e"

[[projects]]
  branch = "master"
  name = "github.com/go-sql-driver/mysql"
  packages = ["."]
  revision = "2e00b5cd70399450106cec6431c2e2ce3cae5034"

[[projects]]
  branch = "master"
  name = "github.com/golang/snappy"
  packages = ["."]
  revision = "7db9049039a047d955fe8c19b83c8ff5abd765c7"

[[projects]]
  branch = "master"
  name = "github.com/jmoiron/sqlx"
  packages = [".","reflectx"]
  revision = "f980a91bdc37abef88269b8f122d7de6352102f5"

[[projects]]
  branch = "master"
  name = "github.com/syndtr/goleveldb"
  packages = ["leveldb","leveldb/cache","leveldb/comparer","leveldb/errors","leveldb/filter","leveldb/iterator","leveldb/journal","leveldb/memdb","leveldb/opt","leveldb/storage","leveldb/table","leveldb/util"]
  revision = "8c81ea47d4c41a385645e133e15510fc6a2a74b4"

[[projects]]
  name = "github.com/urfave/cli"
  packages = ["."]
  revision = "0bdeddeeb0f650497d603c4ad7b20cfe685682f6"
  version = "v1.19.1"

[[projects]]
  branch = "v2"
  name = "gopkg.in/yaml.v2"
  packages = ["."]
  revision = "cd8b52f8269e0feb286dfeef29f8fe4d5b397e0b"
